Microsoft Visual Studio Solution File, Format Version 12.00
# Visual Studio Version 17
VisualStudioVersion = 17.5.2.0
MinimumVisualStudioVersion = 10.0.40219.1
Project("{FAE04EC0-301F-11D3-BF4B-00C04F79EFBC}") = "MilhasPraKm", "MilhasPraKm.csproj", "{77FA2E51-1BCF-3758-421C-A81D01EE5885}"
EndProject
Global
	GlobalSection(SolutionConfigurationPlatforms) = preSolution
		Debug|Any CPU = Debug|Any CPU
		Release|Any CPU = Release|Any CPU
	EndGlobalSection
	GlobalSection(ProjectConfigurationPlatforms) = postSolution
		{77FA2E51-1BCF-3758-421C-A81D01EE5885}.Debug|Any CPU.ActiveCfg = Debug|Any CPU
		{77FA2E51-1BCF-3758-421C-A81D01EE5885}.Debug|Any CPU.Build.0 = Debug|Any CPU
		{77FA2E51-1BCF-3758-421C-A81D01EE5885}.Release|Any CPU.ActiveCfg = Release|Any CPU
		{77FA2E51-1BCF-3758-421C-A81D01EE5885}.Release|Any CPU.Build.0 = Release|Any CPU
	EndGlobalSection
	GlobalSection(SolutionProperties) = preSolution
		HideSolutionNode = FALSE
	EndGlobalSection
	GlobalSection(ExtensibilityGlobals) = postSolution
		SolutionGuid = {49462F77-8670-4BFF-8336-8CEC809AFD27}
	EndGlobalSection
EndGlobal
